
Microsoft Visual Studio Solution File, Format Version 12.00
# Visual Studio Version 17
VisualStudioVersion = 17.2.32526.322
MinimumVisualStudioVersion = 10.0.40219.1
Project("{FAE04EC0-301F-11D3-BF4B-00C04F79EFBC}") = "SPA_CongratulationApplication", "SPA_CongratulationApplication\SPA_CongratulationApplication.csproj", "{3D873237-F17A-41EF-9AFF-97D85B5A97CA}"
EndProject
Global
	GlobalSection(SolutionConfigurationPlatforms) = preSolution
		Debug|Any CPU = Debug|Any CPU
		Release|Any CPU = Release|Any CPU
	EndGlobalSection
	GlobalSection(ProjectConfigurationPlatforms) = postSolution
		{3D873237-F17A-41EF-9AFF-97D85B5A97CA}.Debug|Any CPU.ActiveCfg = Debug|Any CPU
		{3D873237-F17A-41EF-9AFF-97D85B5A97CA}.Debug|Any CPU.Build.0 = Debug|Any CPU
		{3D873237-F17A-41EF-9AFF-97D85B5A97CA}.Release|Any CPU.ActiveCfg = Release|Any CPU
		{3D873237-F17A-41EF-9AFF-97D85B5A97CA}.Release|Any CPU.Build.0 = Release|Any CPU
	EndGlobalSection
	GlobalSection(SolutionProperties) = preSolution
		HideSolutionNode = FALSE
	EndGlobalSection
	GlobalSection(ExtensibilityGlobals) = postSolution
		SolutionGuid = {E7880385-7C07-4E5B-80BB-A31FC191C76A}
	EndGlobalSection
EndGlobal
